
Microsoft Visual Studio Solution File, Format Version 12.00
# Visual Studio Version 16
VisualStudioVersion = 16.0.35731.53
MinimumVisualStudioVersion = 10.0.40219.1
Project("{F184B08F-C81C-45F6-A57F-5ABD9991F28F}") = "mvc_VB", "mvc_VB.vbproj", "{0E34D27F-A146-4814-AD75-18820E808E3B}"
EndProject
Global
	GlobalSection(SolutionConfigurationPlatforms) = preSolution
		Debug|Any CPU = Debug|Any CPU
		Release|Any CPU = Release|Any CPU
	EndGlobalSection
	GlobalSection(ProjectConfigurationPlatforms) = postSolution
		{0E34D27F-A146-4814-AD75-18820E808E3B}.Debug|Any CPU.ActiveCfg = Debug|Any CPU
		{0E34D27F-A146-4814-AD75-18820E808E3B}.Debug|Any CPU.Build.0 = Debug|Any CPU
		{0E34D27F-A146-4814-AD75-18820E808E3B}.Release|Any CPU.ActiveCfg = Release|Any CPU
		{0E34D27F-A146-4814-AD75-18820E808E3B}.Release|Any CPU.Build.0 = Release|Any CPU
	EndGlobalSection
	GlobalSection(SolutionProperties) = preSolution
		HideSolutionNode = FALSE
	EndGlobalSection
	GlobalSection(ExtensibilityGlobals) = postSolution
		SolutionGuid = {405E3FE1-6101-47A5-BC91-28442FBF9B0E}
	EndGlobalSection
EndGlobal
